
Microsoft Visual Studio Solution File, Format Version 12.00
# Visual Studio Version 17
VisualStudioVersion = 17.2.32519.379
MinimumVisualStudioVersion = 10.0.40219.1
Project("{FAE04EC0-301F-11D3-BF4B-00C04F79EFBC}") = "calculatorApp", "calculatorApp\calculatorApp.csproj", "{6AE3AC2C-2D0B-47EB-8BAE-A3EE86996612}"
EndProject
Global
	GlobalSection(SolutionConfigurationPlatforms) = preSolution
		Debug|Any CPU = Debug|Any CPU
		Release|Any CPU = Release|Any CPU
	EndGlobalSection
	GlobalSection(ProjectConfigurationPlatforms) = postSolution
		{6AE3AC2C-2D0B-47EB-8BAE-A3EE86996612}.Debug|Any CPU.ActiveCfg = Debug|Any CPU
		{6AE3AC2C-2D0B-47EB-8BAE-A3EE86996612}.Debug|Any CPU.Build.0 = Debug|Any CPU
		{6AE3AC2C-2D0B-47EB-8BAE-A3EE86996612}.Release|Any CPU.ActiveCfg = Release|Any CPU
		{6AE3AC2C-2D0B-47EB-8BAE-A3EE86996612}.Release|Any CPU.Build.0 = Release|Any CPU
	EndGlobalSection
	GlobalSection(SolutionProperties) = preSolution
		HideSolutionNode = FALSE
	EndGlobalSection
	GlobalSection(ExtensibilityGlobals) = postSolution
		SolutionGuid = {31BFADD9-AF09-4AE3-86F8-42E8266FCAD7}
	EndGlobalSection
EndGlobal
